
Microsoft Visual Studio Solution File, Format Version 12.00
# Visual Studio Version 17
VisualStudioVersion = 17.11.35303.130
MinimumVisualStudioVersion = 10.0.40219.1
Project("{FAE04EC0-301F-11D3-BF4B-00C04F79EFBC}") = "ClnPizzeria", "ClnPizzeria\ClnPizzeria.csproj", "{791669B2-0C54-4285-9D1A-0FB1C33FFD6A}"
EndProject
Project("{FAE04EC0-301F-11D3-BF4B-00C04F79EFBC}") = "CpPizzeria", "CpPizzeria\CpPizzeria.csproj", "{EFFF3A50-AAD2-4CCC-9796-9D37F622E491}"
EndProject
Project("{FAE04EC0-301F-11D3-BF4B-00C04F79EFBC}") = "CadPizzeria", "CadPizzeria\CadPizzeria.csproj", "{417FF068-2DBC-42B5-A7FA-8856DCE73433}"
EndProject
Global
	GlobalSection(SolutionConfigurationPlatforms) = preSolution
		Debug|Any CPU = Debug|Any CPU
		Release|Any CPU = Release|Any CPU
	EndGlobalSection
	GlobalSection(ProjectConfigurationPlatforms) = postSolution
		{791669B2-0C54-4285-9D1A-0FB1C33FFD6A}.Debug|Any CPU.ActiveCfg = Debug|Any CPU
		{791669B2-0C54-4285-9D1A-0FB1C33FFD6A}.Debug|Any CPU.Build.0 = Debug|Any CPU
		{791669B2-0C54-4285-9D1A-0FB1C33FFD6A}.Release|Any CPU.ActiveCfg = Release|Any CPU
		{791669B2-0C54-4285-9D1A-0FB1C33FFD6A}.Release|Any CPU.Build.0 = Release|Any CPU
		{EFFF3A50-AAD2-4CCC-9796-9D37F622E491}.Debug|Any CPU.ActiveCfg = Debug|Any CPU
		{EFFF3A50-AAD2-4CCC-9796-9D37F622E491}.Debug|Any CPU.Build.0 = Debug|Any CPU
		{EFFF3A50-AAD2-4CCC-9796-9D37F622E491}.Release|Any CPU.ActiveCfg = Release|Any CPU
		{EFFF3A50-AAD2-4CCC-9796-9D37F622E491}.Release|Any CPU.Build.0 = Release|Any CPU
		{417FF068-2DBC-42B5-A7FA-8856DCE73433}.Debug|Any CPU.ActiveCfg = Debug|Any CPU
		{417FF068-2DBC-42B5-A7FA-8856DCE73433}.Debug|Any CPU.Build.0 = Debug|Any CPU
		{417FF068-2DBC-42B5-A7FA-8856DCE73433}.Release|Any CPU.ActiveCfg = Release|Any CPU
		{417FF068-2DBC-42B5-A7FA-8856DCE73433}.Release|Any CPU.Build.0 = Release|Any CPU
	EndGlobalSection
	GlobalSection(SolutionProperties) = preSolution
		HideSolutionNode = FALSE
	EndGlobalSection
	GlobalSection(ExtensibilityGlobals) = postSolution
		SolutionGuid = {ABD683A6-F0FE-43D8-8C9A-040BBD59C53C}
	EndGlobalSection
EndGlobal
